{
  "name": "@sleepinsummer/agent-browser-cli",
  "version": "0.2.3",
  "lockfileVersion": 3,
  "requires": true,
  "packages": {
    "": {
      "name": "@sleepinsummer/agent-browser-cli",
      "version": "0.2.3",
      "hasInstallScript": true,
      "license": "MIT",
      "bin": {
        "agent-browser-cli": "npm/bin/agent-browser-cli.js"
      },
      "engines": {
        "node": ">=18"
      },
      "optionalDependencies": {
        "@sleepinsummer/agent-browser-cli-darwin-arm64": "0.2.3",
        "@sleepinsummer/agent-browser-cli-darwin-x64": "0.2.3",
        "@sleepinsummer/agent-browser-cli-win32-x64": "0.2.3"
      }
    },
    "node_modules/@sleepinsummer/agent-browser-cli-darwin-arm64": {
      "optional": true
    },
    "node_modules/@sleepinsummer/agent-browser-cli-darwin-x64": {
      "optional": true
    },
    "node_modules/@sleepinsummer/agent-browser-cli-win32-x64": {
      "optional": true
    }
  }
}
